// !$*UTF8*$!
{
	archiveVersion = 1;
	classes = {
	};
	objectVersion = 56;
	objects = {

/* Begin PBXBuildFile section */
		BF153FA92C277753006ADBCE /* Sensor.swift in Sources */ = {isa = PBXBuildFile; fileRef = BF153FA82C277753006ADBCE /* Sensor.swift */; };
		BF153FAB2C279DA6006ADBCE /* SignalStrengthView.swift in Sources */ = {isa = PBXBuildFile; fileRef = BF153FAA2C279DA6006ADBCE /* SignalStrengthView.swift */; };
		BF1B00272C220AFE0035A717 /* HomeLinkApp.swift in Sources */ = {isa = PBXBuildFile; fileRef = BF1B00262C220AFE0035A717 /* HomeLinkApp.swift */; };
		BF1B00292C220AFE0035A717 /* ContentView.swift in Sources */ = {isa = PBXBuildFile; fileRef = BF1B00282C220AFE0035A717 /* ContentView.swift */; };
		BF1B002B2C220AFF0035A717 /* Assets.xcassets in Resources */ = {isa = PBXBuildFile; fileRef = BF1B002A2C220AFF0035A717 /* Assets.xcassets */; };
		BF1B002E2C220AFF0035A717 /* Preview Assets.xcassets in Resources */ = {isa = PBXBuildFile; fileRef = BF1B002D2C220AFF0035A717 /* Preview Assets.xcassets */; };
		BF1B00382C220AFF0035A717 /* HomeLinkTests.swift in Sources */ = {isa = PBXBuildFile; fileRef = BF1B00372C220AFF0035A717 /* HomeLinkTests.swift */; };
		BF1B00422C220AFF0035A717 /* HomeLinkUITests.swift in Sources */ = {isa = PBXBuildFile; fileRef = BF1B00412C220AFF0035A717 /* HomeLinkUITests.swift */; };
		BF1B00442C220AFF0035A717 /* HomeLinkUITestsLaunchTests.swift in Sources */ = {isa = PBXBuildFile; fileRef = BF1B00432C220AFF0035A717 /* HomeLinkUITestsLaunchTests.swift */; };
		BF1B00522C220F450035A717 /* Bluetooth.swift in Sources */ = {isa = PBXBuildFile; fileRef = BF1B00512C220F450035A717 /* Bluetooth.swift */; };
		BF8E0A642C221CBA001E9AF7 /* MainView.swift in Sources */ = {isa = PBXBuildFile; fileRef = BF8E0A632C221CBA001E9AF7 /* MainView.swift */; };
		BF8E0A662C222300001E9AF7 /* LoaderView.swift in Sources */ = {isa = PBXBuildFile; fileRef = BF8E0A652C222300001E9AF7 /* LoaderView.swift */; };
		BF8E0A692C276E80001E9AF7 /* CardView.swift in Sources */ = {isa = PBXBuildFile; fileRef = BF8E0A682C276E80001E9AF7 /* CardView.swift */; };
/* End PBXBuildFile section */

/* Begin PBXContainerItemProxy section */
		BF1B00342C220AFF0035A717 /* PBXContainerItemProxy */ = {
			isa = PBXContainerItemProxy;
			containerPortal = BF1B001B2C220AFE0035A717 /* Project object */;
			proxyType = 1;
			remoteGlobalIDString = BF1B00222C220AFE0035A717;
			remoteInfo = HomeLink;
		};
		BF1B003E2C220AFF0035A717 /* PBXContainerItemProxy */ = {
			isa = PBXContainerItemProxy;
			containerPortal = BF1B001B2C220AFE0035A717 /* Project object */;
			proxyType = 1;
			remoteGlobalIDString = BF1B00222C220AFE0035A717;
			remoteInfo = HomeLink;
		};
/* End PBXContainerItemProxy section */

/* Begin PBXFileReference section */
		BF153FA82C277753006ADBCE /* Sensor.swift */ = {isa = PBXFileReference; lastKnownFileType = sourcecode.swift; path = Sensor.swift; sourceTree = "<group>"; };
		BF153FAA2C279DA6006ADBCE /* SignalStrengthView.swift */ = {isa = PBXFileReference; lastKnownFileType = sourcecode.swift; path = SignalStrengthView.swift; sourceTree = "<group>"; };
		BF1B00232C220AFE0035A717 /* HomeLink.app */ = {isa = PBXFileReference; explicitFileType = wrapper.application; includeInIndex = 0; path = HomeLink.app; sourceTree = BUILT_PRODUCTS_DIR; };
		BF1B00262C220AFE0035A717 /* HomeLinkApp.swift */ = {isa = PBXFileReference; lastKnownFileType = sourcecode.swift; path = HomeLinkApp.swift; sourceTree = "<group>"; };
		BF1B00282C220AFE0035A717 /* ContentView.swift */ = {isa = PBXFileReference; lastKnownFileType = sourcecode.swift; path = ContentView.swift; sourceTree = "<group>"; };
		BF1B002A2C220AFF0035A717 /* Assets.xcassets */ = {isa = PBXFileReference; lastKnownFileType = folder.assetcatalog; path = Assets.xcassets; sourceTree = "<group>"; };
		BF1B002D2C220AFF0035A717 /* Preview Assets.xcassets */ = {isa = PBXFileReference; lastKnownFileType = folder.assetcatalog; path = "Preview Assets.xcassets"; sourceTree = "<group>"; };
		BF1B00332C220AFF0035A717 /* HomeLinkTests.xctest */ = {isa = PBXFileReference; explicitFileType = wrapper.cfbundle; includeInIndex = 0; path = HomeLinkTests.xctest; sourceTree = BUILT_PRODUCTS_DIR; };
		BF1B00372C220AFF0035A717 /* HomeLinkTests.swift */ = {isa = PBXFileReference; lastKnownFileType = sourcecode.swift; path = HomeLinkTests.swift; sourceTree = "<group>"; };
		BF1B003D2C220AFF0035A717 /* HomeLinkUITests.xctest */ = {isa = PBXFileReference; explicitFileType = wrapper.cfbundle; includeInIndex = 0; path = HomeLinkUITests.xctest; sourceTree = BUILT_PRODUCTS_DIR; };
		BF1B00412C220AFF0035A717 /* HomeLinkUITests.swift */ = {isa = PBXFileReference; lastKnownFileType = sourcecode.swift; path = HomeLinkUITests.swift; sourceTree = "<group>"; };
		BF1B00432C220AFF0035A717 /* HomeLinkUITestsLaunchTests.swift */ = {isa = PBXFileReference; lastKnownFileType = sourcecode.swift; path = HomeLinkUITestsLaunchTests.swift; sourceTree = "<group>"; };
		BF1B00512C220F450035A717 /* Bluetooth.swift */ = {isa = PBXFileReference; lastKnownFileType = sourcecode.swift; name = Bluetooth.swift; path = ../../../../Swift/Bluetooth.swift; sourceTree = "<group>"; };
		BF8E0A632C221CBA001E9AF7 /* MainView.swift */ = {isa = PBXFileReference; lastKnownFileType = sourcecode.swift; path = MainView.swift; sourceTree = "<group>"; };
		BF8E0A652C222300001E9AF7 /* LoaderView.swift */ = {isa = PBXFileReference; lastKnownFileType = sourcecode.swift; path = LoaderView.swift; sourceTree = "<group>"; };
		BF8E0A682C276E80001E9AF7 /* CardView.swift */ = {isa = PBXFileReference; lastKnownFileType = sourcecode.swift; path = CardView.swift; sourceTree = "<group>"; };
/* End PBXFileReference section */

/* Begin PBXFrameworksBuildPhase section */
		BF1B00202C220AFE0035A717 /* Frameworks */ = {
			isa = PBXFrameworksBuildPhase;
			buildActionMask = 2147483647;
			files = (
			);
			runOnlyForDeploymentPostprocessing = 0;
		};
		BF1B00302C220AFF0035A717 /* Frameworks */ = {
			isa = PBXFrameworksBuildPhase;
			buildActionMask = 2147483647;
			files = (
			);
			runOnlyForDeploymentPostprocessing = 0;
		};
		BF1B003A2C220AFF0035A717 /* Frameworks */ = {
			isa = PBXFrameworksBuildPhase;
			buildActionMask = 2147483647;
			files = (
			);
			runOnlyForDeploymentPostprocessing = 0;
		};
/* End PBXFrameworksBuildPhase section */

/* Begin PBXGroup section */
		BF153FA72C277741006ADBCE /* Model */ = {
			isa = PBXGroup;
			children = (
				BF153FA82C277753006ADBCE /* Sensor.swift */,
			);
			path = Model;
			sourceTree = "<group>";
		};
		BF1B001A2C220AFE0035A717 = {
			isa = PBXGroup;
			children = (
				BF1B00252C220AFE0035A717 /* HomeLink */,
				BF1B00362C220AFF0035A717 /* HomeLinkTests */,
				BF1B00402C220AFF0035A717 /* HomeLinkUITests */,
				BF1B00242C220AFE0035A717 /* Products */,
			);
			sourceTree = "<group>";
		};
		BF1B00242C220AFE0035A717 /* Products */ = {
			isa = PBXGroup;
			children = (
				BF1B00232C220AFE0035A717 /* HomeLink.app */,
				BF1B00332C220AFF0035A717 /* HomeLinkTests.xctest */,
				BF1B003D2C220AFF0035A717 /* HomeLinkUITests.xctest */,
			);
			name = Products;
			sourceTree = "<group>";
		};
		BF1B00252C220AFE0035A717 /* HomeLink */ = {
			isa = PBXGroup;
			children = (
				BF153FA72C277741006ADBCE /* Model */,
				BF8E0A672C276E70001E9AF7 /* Views */,
				BF1B00502C220F310035A717 /* Manager */,
				BF1B00262C220AFE0035A717 /* HomeLinkApp.swift */,
				BF1B00282C220AFE0035A717 /* ContentView.swift */,
				BF1B002A2C220AFF0035A717 /* Assets.xcassets */,
				BF1B002C2C220AFF0035A717 /* Preview Content */,
			);
			path = HomeLink;
			sourceTree = "<group>";
		};
		BF1B002C2C220AFF0035A717 /* Preview Content */ = {
			isa = PBXGroup;
			children = (
				BF1B002D2C220AFF0035A717 /* Preview Assets.xcassets */,
			);
			path = "Preview Content";
			sourceTree = "<group>";
		};
		BF1B00362C220AFF0035A717 /* HomeLinkTests */ = {
			isa = PBXGroup;
			children = (
				BF1B00372C220AFF0035A717 /* HomeLinkTests.swift */,
			);
			path = HomeLinkTests;
			sourceTree = "<group>";
		};
		BF1B00402C220AFF0035A717 /* HomeLinkUITests */ = {
			isa = PBXGroup;
			children = (
				BF1B00412C220AFF0035A717 /* HomeLinkUITests.swift */,
				BF1B00432C220AFF0035A717 /* HomeLinkUITestsLaunchTests.swift */,
			);
			path = HomeLinkUITests;
			sourceTree = "<group>";
		};
		BF1B00502C220F310035A717 /* Manager */ = {
			isa = PBXGroup;
			children = (
				BF1B00512C220F450035A717 /* Bluetooth.swift */,
			);
			path = Manager;
			sourceTree = "<group>";
		};
		BF8E0A672C276E70001E9AF7 /* Views */ = {
			isa = PBXGroup;
			children = (
				BF8E0A652C222300001E9AF7 /* LoaderView.swift */,
				BF8E0A632C221CBA001E9AF7 /* MainView.swift */,
				BF8E0A682C276E80001E9AF7 /* CardView.swift */,
				BF153FAA2C279DA6006ADBCE /* SignalStrengthView.swift */,
			);
			path = Views;
			sourceTree = "<group>";
		};
/* End PBXGroup section */

/* Begin PBXNativeTarget section */
		BF1B00222C220AFE0035A717 /* HomeLink */ = {
			isa = PBXNativeTarget;
			buildConfigurationList = BF1B00472C220AFF0035A717 /* Build configuration list for PBXNativeTarget "HomeLink" */;
			buildPhases = (
				BF1B001F2C220AFE0035A717 /* Sources */,
				BF1B00202C220AFE0035A717 /* Frameworks */,
				BF1B00212C220AFE0035A717 /* Resources */,
			);
			buildRules = (
			);
			dependencies = (
			);
			name = HomeLink;
			productName = HomeLink;
			productReference = BF1B00232C220AFE0035A717 /* HomeLink.app */;
			productType = "com.apple.product-type.application";
		};
		BF1B00322C220AFF0035A717 /* HomeLinkTests */ = {
			isa = PBXNativeTarget;
			buildConfigurationList = BF1B004A2C220AFF0035A717 /* Build configuration list for PBXNativeTarget "HomeLinkTests" */;
			buildPhases = (
				BF1B002F2C220AFF0035A717 /* Sources */,
				BF1B00302C220AFF0035A717 /* Frameworks */,
				BF1B00312C220AFF0035A717 /* Resources */,
			);
			buildRules = (
			);
			dependencies = (
				BF1B00352C220AFF0035A717 /* PBXTargetDependency */,
			);
			name = HomeLinkTests;
			productName = HomeLinkTests;
			productReference = BF1B00332C220AFF0035A717 /* HomeLinkTests.xctest */;
			productType = "com.apple.product-type.bundle.unit-test";
		};
		BF1B003C2C220AFF0035A717 /* HomeLinkUITests */ = {
			isa = PBXNativeTarget;
			buildConfigurationList = BF1B004D2C220AFF0035A717 /* Build configuration list for PBXNativeTarget "HomeLinkUITests" */;
			buildPhases = (
				BF1B00392C220AFF0035A717 /* Sources */,
				BF1B003A2C220AFF0035A717 /* Frameworks */,
				BF1B003B2C220AFF0035A717 /* Resources */,
			);
			buildRules = (
			);
			dependencies = (
				BF1B003F2C220AFF0035A717 /* PBXTargetDependency */,
			);
			name = HomeLinkUITests;
			productName = HomeLinkUITests;
			productReference = BF1B003D2C220AFF0035A717 /* HomeLinkUITests.xctest */;
			productType = "com.apple.product-type.bundle.ui-testing";
		};
/* End PBXNativeTarget section */

/* Begin PBXProject section */
		BF1B001B2C220AFE0035A717 /* Project object */ = {
			isa = PBXProject;
			attributes = {
				BuildIndependentTargetsInParallel = 1;
				LastSwiftUpdateCheck = 1540;
				LastUpgradeCheck = 1540;
				TargetAttributes = {
					BF1B00222C220AFE0035A717 = {
						CreatedOnToolsVersion = 15.4;
					};
					BF1B00322C220AFF0035A717 = {
						CreatedOnToolsVersion = 15.4;
						TestTargetID = BF1B00222C220AFE0035A717;
					};
					BF1B003C2C220AFF0035A717 = {
						CreatedOnToolsVersion = 15.4;
						TestTargetID = BF1B00222C220AFE0035A717;
					};
				};
			};
			buildConfigurationList = BF1B001E2C220AFE0035A717 /* Build configuration list for PBXProject "HomeLink" */;
			compatibilityVersion = "Xcode 14.0";
			developmentRegion = en;
			hasScannedForEncodings = 0;
			knownRegions = (
				en,
				Base,
			);
			mainGroup = BF1B001A2C220AFE0035A717;
			productRefGroup = BF1B00242C220AFE0035A717 /* Products */;
			projectDirPath = "";
			projectRoot = "";
			targets = (
				BF1B00222C220AFE0035A717 /* HomeLink */,
				BF1B00322C220AFF0035A717 /* HomeLinkTests */,
				BF1B003C2C220AFF0035A717 /* HomeLinkUITests */,
			);
		};
/* End PBXProject section */

/* Begin PBXResourcesBuildPhase section */
		BF1B00212C220AFE0035A717 /* Resources */ = {
			isa = PBXResourcesBuildPhase;
			buildActionMask = 2147483647;
			files = (
				BF1B002E2C220AFF0035A717 /* Preview Assets.xcassets in Resources */,
				BF1B002B2C220AFF0035A717 /* Assets.xcassets in Resources */,
			);
			runOnlyForDeploymentPostprocessing = 0;
		};
		BF1B00312C220AFF0035A717 /* Resources */ = {
			isa = PBXResourcesBuildPhase;
			buildActionMask = 2147483647;
			files = (
			);
			runOnlyForDeploymentPostprocessing = 0;
		};
		BF1B003B2C220AFF0035A717 /* Resources */ = {
			isa = PBXResourcesBuildPhase;
			buildActionMask = 2147483647;
			files = (
			);
			runOnlyForDeploymentPostprocessing = 0;
		};
/* End PBXResourcesBuildPhase section */

/* Begin PBXSourcesBuildPhase section */
		BF1B001F2C220AFE0035A717 /* Sources */ = {
			isa = PBXSourcesBuildPhase;
			buildActionMask = 2147483647;
			files = (
				BF1B00292C220AFE0035A717 /* ContentView.swift in Sources */,
				BF8E0A642C221CBA001E9AF7 /* MainView.swift in Sources */,
				BF8E0A662C222300001E9AF7 /* LoaderView.swift in Sources */,
				BF153FAB2C279DA6006ADBCE /* SignalStrengthView.swift in Sources */,
				BF1B00522C220F450035A717 /* Bluetooth.swift in Sources */,
				BF8E0A692C276E80001E9AF7 /* CardView.swift in Sources */,
				BF1B00272C220AFE0035A717 /* HomeLinkApp.swift in Sources */,
				BF153FA92C277753006ADBCE /* Sensor.swift in Sources */,
			);
			runOnlyForDeploymentPostprocessing = 0;
		};
		BF1B002F2C220AFF0035A717 /* Sources */ = {
			isa = PBXSourcesBuildPhase;
			buildActionMask = 2147483647;
			files = (
				BF1B00382C220AFF0035A717 /* HomeLinkTests.swift in Sources */,
			);
			runOnlyForDeploymentPostprocessing = 0;
		};
		BF1B00392C220AFF0035A717 /* Sources */ = {
			isa = PBXSourcesBuildPhase;
			buildActionMask = 2147483647;
			files = (
				BF1B00442C220AFF0035A717 /* HomeLinkUITestsLaunchTests.swift in Sources */,
				BF1B00422C220AFF0035A717 /* HomeLinkUITests.swift in Sources */,
			);
			runOnlyForDeploymentPostprocessing = 0;
		};
/* End PBXSourcesBuildPhase section */

/* Begin PBXTargetDependency section */
		BF1B00352C220AFF0035A717 /* PBXTargetDependency */ = {
			isa = PBXTargetDependency;
			target = BF1B00222C220AFE0035A717 /* HomeLink */;
			targetProxy = BF1B00342C220AFF0035A717 /* PBXContainerItemProxy */;
		};
		BF1B003F2C220AFF0035A717 /* PBXTargetDependency */ = {
			isa = PBXTargetDependency;
			target = BF1B00222C220AFE0035A717 /* HomeLink */;
			targetProxy = BF1B003E2C220AFF0035A717 /* PBXContainerItemProxy */;
		};
/* End PBXTargetDependency section */

/* Begin XCBuildConfiguration section */
		BF1B00452C220AFF0035A717 /* Debug */ = {
			isa = XCBuildConfiguration;
			buildSettings = {
				ALWAYS_SEARCH_USER_PATHS = NO;
				ASSETCATALOG_COMPILER_GENERATE_SWIFT_ASSET_SYMBOL_EXTENSIONS = YES;
				CLANG_ANALYZER_NONNULL = YES;
				CLANG_ANALYZER_NUMBER_OBJECT_CONVERSION = YES_AGGRESSIVE;
				CLANG_CXX_LANGUAGE_STANDARD = "gnu++20";
				CLANG_ENABLE_MODULES = YES;
				CLANG_ENABLE_OBJC_ARC = YES;
				CLANG_ENABLE_OBJC_WEAK = YES;
				CLANG_WARN_BLOCK_CAPTURE_AUTORELEASING = YES;
				CLANG_WARN_BOOL_CONVERSION = YES;
				CLANG_WARN_COMMA = YES;
				CLANG_WARN_CONSTANT_CONVERSION = YES;
				CLANG_WARN_DEPRECATED_OBJC_IMPLEMENTATIONS = YES;
				CLANG_WARN_DIRECT_OBJC_ISA_USAGE = YES_ERROR;
				CLANG_WARN_DOCUMENTATION_COMMENTS = YES;
				CLANG_WARN_EMPTY_BODY = YES;
				CLANG_WARN_ENUM_CONVERSION = YES;
				CLANG_WARN_INFINITE_RECURSION = YES;
				CLANG_WARN_INT_CONVERSION = YES;
				CLANG_WARN_NON_LITERAL_NULL_CONVERSION = YES;
				CLANG_WARN_OBJC_IMPLICIT_RETAIN_SELF = YES;
				CLANG_WARN_OBJC_LITERAL_CONVERSION = YES;
				CLANG_WARN_OBJC_ROOT_CLASS = YES_ERROR;
				CLANG_WARN_QUOTED_INCLUDE_IN_FRAMEWORK_HEADER = YES;
				CLANG_WARN_RANGE_LOOP_ANALYSIS = YES;
				CLANG_WARN_STRICT_PROTOTYPES = YES;
				CLANG_WARN_SUSPICIOUS_MOVE = YES;
				CLANG_WARN_UNGUARDED_AVAILABILITY = YES_AGGRESSIVE;
				CLANG_WARN_UNREACHABLE_CODE = YES;
				CLANG_WARN__DUPLICATE_METHOD_MATCH = YES;
				COPY_PHASE_STRIP = NO;
				DEBUG_INFORMATION_FORMAT = dwarf;
				ENABLE_STRICT_OBJC_MSGSEND = YES;
				ENABLE_TESTABILITY = YES;
				ENABLE_USER_SCRIPT_SANDBOXING = YES;
				GCC_C_LANGUAGE_STANDARD = gnu17;
				GCC_DYNAMIC_NO_PIC = NO;
				GCC_NO_COMMON_BLOCKS = YES;
				GCC_OPTIMIZATION_LEVEL = 0;
				GCC_PREPROCESSOR_DEFINITIONS = (
					"DEBUG=1",
					"$(inherited)",
				);
				GCC_WARN_64_TO_32_BIT_CONVERSION = YES;
				GCC_WARN_ABOUT_RETURN_TYPE = YES_ERROR;
				GCC_WARN_UNDECLARED_SELECTOR = YES;
				GCC_WARN_UNINITIALIZED_AUTOS = YES_AGGRESSIVE;
				GCC_WARN_UNUSED_FUNCTION = YES;
				GCC_WARN_UNUSED_VARIABLE = YES;
				IPHONEOS_DEPLOYMENT_TARGET = 17.5;
				LOCALIZATION_PREFERS_STRING_CATALOGS = YES;
				MTL_ENABLE_DEBUG_INFO = INCLUDE_SOURCE;
				MTL_FAST_MATH = YES;
				ONLY_ACTIVE_ARCH = YES;
				SDKROOT = iphoneos;
				SWIFT_ACTIVE_COMPILATION_CONDITIONS = "DEBUG $(inherited)";
				SWIFT_OPTIMIZATION_LEVEL = "-Onone";
			};
			name = Debug;
		};
		BF1B00462C220AFF0035A717 /* Release */ = {
			isa = XCBuildConfiguration;
			buildSettings = {
				ALWAYS_SEARCH_USER_PATHS = NO;
				ASSETCATALOG_COMPILER_GENERATE_SWIFT_ASSET_SYMBOL_EXTENSIONS = YES;
				CLANG_ANALYZER_NONNULL = YES;
				CLANG_ANALYZER_NUMBER_OBJECT_CONVERSION = YES_AGGRESSIVE;
				CLANG_CXX_LANGUAGE_STANDARD = "gnu++20";
				CLANG_ENABLE_MODULES = YES;
				CLANG_ENABLE_OBJC_ARC = YES;
				CLANG_ENABLE_OBJC_WEAK = YES;
				CLANG_WARN_BLOCK_CAPTURE_AUTORELEASING = YES;
				CLANG_WARN_BOOL_CONVERSION = YES;
				CLANG_WARN_COMMA = YES;
				CLANG_WARN_CONSTANT_CONVERSION = YES;
				CLANG_WARN_DEPRECATED_OBJC_IMPLEMENTATIONS = YES;
				CLANG_WARN_DIRECT_OBJC_ISA_USAGE = YES_ERROR;
				CLANG_WARN_DOCUMENTATION_COMMENTS = YES;
				CLANG_WARN_EMPTY_BODY = YES;
				CLANG_WARN_ENUM_CONVERSION = YES;
				CLANG_WARN_INFINITE_RECURSION = YES;
				CLANG_WARN_INT_CONVERSION = YES;
				CLANG_WARN_NON_LITERAL_NULL_CONVERSION = YES;
				CLANG_WARN_OBJC_IMPLICIT_RETAIN_SELF = YES;
				CLANG_WARN_OBJC_LITERAL_CONVERSION = YES;
				CLANG_WARN_OBJC_ROOT_CLASS = YES_ERROR;
				CLANG_WARN_QUOTED_INCLUDE_IN_FRAMEWORK_HEADER = YES;
				CLANG_WARN_RANGE_LOOP_ANALYSIS = YES;
				CLANG_WARN_STRICT_PROTOTYPES = YES;
				CLANG_WARN_SUSPICIOUS_MOVE = YES;
				CLANG_WARN_UNGUARDED_AVAILABILITY = YES_AGGRESSIVE;
				CLANG_WARN_UNREACHABLE_CODE = YES;
				CLANG_WARN__DUPLICATE_METHOD_MATCH = YES;
				COPY_PHASE_STRIP = NO;
				DEBUG_INFORMATION_FORMAT = "dwarf-with-dsym";
				ENABLE_NS_ASSERTIONS = NO;
				ENABLE_STRICT_OBJC_MSGSEND = YES;
				ENABLE_USER_SCRIPT_SANDBOXING = YES;
				GCC_C_LANGUAGE_STANDARD = gnu17;
				GCC_NO_COMMON_BLOCKS = YES;
				GCC_WARN_64_TO_32_BIT_CONVERSION = YES;
				GCC_WARN_ABOUT_RETURN_TYPE = YES_ERROR;
				GCC_WARN_UNDECLARED_SELECTOR = YES;
				GCC_WARN_UNINITIALIZED_AUTOS = YES_AGGRESSIVE;
				GCC_WARN_UNUSED_FUNCTION = YES;
				GCC_WARN_UNUSED_VARIABLE = YES;
				IPHONEOS_DEPLOYMENT_TARGET = 17.5;
				LOCALIZATION_PREFERS_STRING_CATALOGS = YES;
				MTL_ENABLE_DEBUG_INFO = NO;
				MTL_FAST_MATH = YES;
				SDKROOT = iphoneos;
				SWIFT_COMPILATION_MODE = wholemodule;
				VALIDATE_PRODUCT = YES;
			};
			name = Release;
		};
		BF1B00482C220AFF0035A717 /* Debug */ = {
			isa = XCBuildConfiguration;
			buildSettings = {
				ASSETCATALOG_COMPILER_APPICON_NAME = AppIcon;
				ASSETCATALOG_COMPILER_GLOBAL_ACCENT_COLOR_NAME = AccentColor;
				CODE_SIGN_STYLE = Automatic;
				CURRENT_PROJECT_VERSION = 1;
				DEVELOPMENT_ASSET_PATHS = "\"HomeLink/Preview Content\"";
				DEVELOPMENT_TEAM = 4QN838772C;
				ENABLE_PREVIEWS = YES;
				GENERATE_INFOPLIST_FILE = YES;
				INFOPLIST_KEY_CFBundleDisplayName = "Arduino HomeLink";
				INFOPLIST_KEY_LSApplicationCategoryType = "public.app-category.developer-tools";
				INFOPLIST_KEY_NSBluetoothAlwaysUsageDescription = "This app uses Bluetooth to connect to Arduino BLE devices";
				INFOPLIST_KEY_NSBluetoothPeripheralUsageDescription = "This app uses Bluetooth to connect to Arduino BLE devices";
				INFOPLIST_KEY_UIApplicationSceneManifest_Generation = YES;
				INFOPLIST_KEY_UIApplicationSupportsIndirectInputEvents = YES;
				INFOPLIST_KEY_UILaunchScreen_Generation = YES;
				INFOPLIST_KEY_UISupportedInterfaceOrientations_iPad = "UIInterfaceOrientationPortrait UIInterfaceOrientationPortraitUpsideDown UIInterfaceOrientationLandscapeLeft UIInterfaceOrientationLandscapeRight";
				INFOPLIST_KEY_UISupportedInterfaceOrientations_iPhone = "UIInterfaceOrientationPortrait UIInterfaceOrientationLandscapeLeft UIInterfaceOrientationLandscapeRight";
				IPHONEOS_DEPLOYMENT_TARGET = 16.5;
				LD_RUNPATH_SEARCH_PATHS = (
					"$(inherited)",
					"@executable_path/Frameworks",
				);
				MARKETING_VERSION = 1.0;
				PRODUCT_BUNDLE_IDENTIFIER = com.joshuafigueroa.HomeLink;
				PRODUCT_NAME = "$(TARGET_NAME)";
				SWIFT_EMIT_LOC_STRINGS = YES;
				SWIFT_VERSION = 5.0;
				TARGETED_DEVICE_FAMILY = "1,2";
			};
			name = Debug;
		};
		BF1B00492C220AFF0035A717 /* Release */ = {
			isa = XCBuildConfiguration;
			buildSettings = {
				ASSETCATALOG_COMPILER_APPICON_NAME = AppIcon;
				ASSETCATALOG_COMPILER_GLOBAL_ACCENT_COLOR_NAME = AccentColor;
				CODE_SIGN_STYLE = Automatic;
				CURRENT_PROJECT_VERSION = 1;
				DEVELOPMENT_ASSET_PATHS = "\"HomeLink/Preview Content\"";
				DEVELOPMENT_TEAM = 4QN838772C;
				ENABLE_PREVIEWS = YES;
				GENERATE_INFOPLIST_FILE = YES;
				INFOPLIST_KEY_CFBundleDisplayName = "Arduino HomeLink";
				INFOPLIST_KEY_LSApplicationCategoryType = "public.app-category.developer-tools";
				INFOPLIST_KEY_NSBluetoothAlwaysUsageDescription = "This app uses Bluetooth to connect to Arduino BLE devices";
				INFOPLIST_KEY_NSBluetoothPeripheralUsageDescription = "This app uses Bluetooth to connect to Arduino BLE devices";
				INFOPLIST_KEY_UIApplicationSceneManifest_Generation = YES;
				INFOPLIST_KEY_UIApplicationSupportsIndirectInputEvents = YES;
				INFOPLIST_KEY_UILaunchScreen_Generation = YES;
				INFOPLIST_KEY_UISupportedInterfaceOrientations_iPad = "UIInterfaceOrientationPortrait UIInterfaceOrientationPortraitUpsideDown UIInterfaceOrientationLandscapeLeft UIInterfaceOrientationLandscapeRight";
				INFOPLIST_KEY_UISupportedInterfaceOrientations_iPhone = "UIInterfaceOrientationPortrait UIInterfaceOrientationLandscapeLeft UIInterfaceOrientationLandscapeRight";
				IPHONEOS_DEPLOYMENT_TARGET = 16.5;
				LD_RUNPATH_SEARCH_PATHS = (
					"$(inherited)",
					"@executable_path/Frameworks",
				);
				MARKETING_VERSION = 1.0;
				PRODUCT_BUNDLE_IDENTIFIER = com.joshuafigueroa.HomeLink;
				PRODUCT_NAME = "$(TARGET_NAME)";
				SWIFT_EMIT_LOC_STRINGS = YES;
				SWIFT_VERSION = 5.0;
				TARGETED_DEVICE_FAMILY = "1,2";
			};
			name = Release;
		};
		BF1B004B2C220AFF0035A717 /* Debug */ = {
			isa = XCBuildConfiguration;
			buildSettings = {
				ALWAYS_EMBED_SWIFT_STANDARD_LIBRARIES = YES;
				BUNDLE_LOADER = "$(TEST_HOST)";
				CODE_SIGN_STYLE = Automatic;
				CURRENT_PROJECT_VERSION = 1;
				DEVELOPMENT_TEAM = 4QN838772C;
				GENERATE_INFOPLIST_FILE = YES;
				IPHONEOS_DEPLOYMENT_TARGET = 17.5;
				MARKETING_VERSION = 1.0;
				PRODUCT_BUNDLE_IDENTIFIER = com.joshuafigueroa.HomeLinkTests;
				PRODUCT_NAME = "$(TARGET_NAME)";
				SWIFT_EMIT_LOC_STRINGS = NO;
				SWIFT_VERSION = 5.0;
				TARGETED_DEVICE_FAMILY = "1,2";
				TEST_HOST = "$(BUILT_PRODUCTS_DIR)/HomeLink.app/$(BUNDLE_EXECUTABLE_FOLDER_PATH)/HomeLink";
			};
			name = Debug;
		};
		BF1B004C2C220AFF0035A717 /* Release */ = {
			isa = XCBuildConfiguration;
			buildSettings = {
				ALWAYS_EMBED_SWIFT_STANDARD_LIBRARIES = YES;
				BUNDLE_LOADER = "$(TEST_HOST)";
				CODE_SIGN_STYLE = Automatic;
				CURRENT_PROJECT_VERSION = 1;
				DEVELOPMENT_TEAM = 4QN838772C;
				GENERATE_INFOPLIST_FILE = YES;
				IPHONEOS_DEPLOYMENT_TARGET = 17.5;
				MARKETING_VERSION = 1.0;
				PRODUCT_BUNDLE_IDENTIFIER = com.joshuafigueroa.HomeLinkTests;
				PRODUCT_NAME = "$(TARGET_NAME)";
				SWIFT_EMIT_LOC_STRINGS = NO;
				SWIFT_VERSION = 5.0;
				TARGETED_DEVICE_FAMILY = "1,2";
				TEST_HOST = "$(BUILT_PRODUCTS_DIR)/HomeLink.app/$(BUNDLE_EXECUTABLE_FOLDER_PATH)/HomeLink";
			};
			name = Release;
		};
		BF1B004E2C220AFF0035A717 /* Debug */ = {
			isa = XCBuildConfiguration;
			buildSettings = {
				ALWAYS_EMBED_SWIFT_STANDARD_LIBRARIES = YES;
				CODE_SIGN_STYLE = Automatic;
				CURRENT_PROJECT_VERSION = 1;
				DEVELOPMENT_TEAM = 4QN838772C;
				GENERATE_INFOPLIST_FILE = YES;
				MARKETING_VERSION = 1.0;
				PRODUCT_BUNDLE_IDENTIFIER = com.joshuafigueroa.HomeLinkUITests;
				PRODUCT_NAME = "$(TARGET_NAME)";
				SWIFT_EMIT_LOC_STRINGS = NO;
				SWIFT_VERSION = 5.0;
				TARGETED_DEVICE_FAMILY = "1,2";
				TEST_TARGET_NAME = HomeLink;
			};
			name = Debug;
		};
		BF1B004F2C220AFF0035A717 /* Release */ = {
			isa = XCBuildConfiguration;
			buildSettings = {
				ALWAYS_EMBED_SWIFT_STANDARD_LIBRARIES = YES;
				CODE_SIGN_STYLE = Automatic;
				CURRENT_PROJECT_VERSION = 1;
				DEVELOPMENT_TEAM = 4QN838772C;
				GENERATE_INFOPLIST_FILE = YES;
				MARKETING_VERSION = 1.0;
				PRODUCT_BUNDLE_IDENTIFIER = com.joshuafigueroa.HomeLinkUITests;
				PRODUCT_NAME = "$(TARGET_NAME)";
				SWIFT_EMIT_LOC_STRINGS = NO;
				SWIFT_VERSION = 5.0;
				TARGETED_DEVICE_FAMILY = "1,2";
				TEST_TARGET_NAME = HomeLink;
			};
			name = Release;
		};
/* End XCBuildConfiguration section */

/* Begin XCConfigurationList section */
		BF1B001E2C220AFE0035A717 /* Build configuration list for PBXProject "HomeLink" */ = {
			isa = XCConfigurationList;
			buildConfigurations = (
				BF1B00452C220AFF0035A717 /* Debug */,
				BF1B00462C220AFF0035A717 /* Release */,
			);
			defaultConfigurationIsVisible = 0;
			defaultConfigurationName = Release;
		};
		BF1B00472C220AFF0035A717 /* Build configuration list for PBXNativeTarget "HomeLink" */ = {
			isa = XCConfigurationList;
			buildConfigurations = (
				BF1B00482C220AFF0035A717 /* Debug */,
				BF1B00492C220AFF0035A717 /* Release */,
			);
			defaultConfigurationIsVisible = 0;
			defaultConfigurationName = Release;
		};
		BF1B004A2C220AFF0035A717 /* Build configuration list for PBXNativeTarget "HomeLinkTests" */ = {
			isa = XCConfigurationList;
			buildConfigurations = (
				BF1B004B2C220AFF0035A717 /* Debug */,
				BF1B004C2C220AFF0035A717 /* Release */,
			);
			defaultConfigurationIsVisible = 0;
			defaultConfigurationName = Release;
		};
		BF1B004D2C220AFF0035A717 /* Build configuration list for PBXNativeTarget "HomeLinkUITests" */ = {
			isa = XCConfigurationList;
			buildConfigurations = (
				BF1B004E2C220AFF0035A717 /* Debug */,
				BF1B004F2C220AFF0035A717 /* Release */,
			);
			defaultConfigurationIsVisible = 0;
			defaultConfigurationName = Release;
		};
/* End XCConfigurationList section */
	};
	rootObject = BF1B001B2C220AFE0035A717 /* Project object */;
}
